// !$*UTF8*$!
{
	archiveVersion = 1;
	classes = {
	};
	objectVersion = 50;
	objects = {

/* Begin PBXBuildFile section */
		D53711972557255E009253F0 /* AppDelegate.swift in Sources */ = {isa = PBXBuildFile; fileRef = D53711962557255E009253F0 /* AppDelegate.swift */; };
		D53711992557255E009253F0 /* SceneDelegate.swift in Sources */ = {isa = PBXBuildFile; fileRef = D53711982557255E009253F0 /* SceneDelegate.swift */; };
		D537119B2557255E009253F0 /* ViewController.swift in Sources */ = {isa = PBXBuildFile; fileRef = D537119A2557255E009253F0 /* ViewController.swift */; };
		D537119E2557255E009253F0 /* Main.storyboard in Resources */ = {isa = PBXBuildFile; fileRef = D537119C2557255E009253F0 /* Main.storyboard */; };
		D53711A12557255E009253F0 /* Armando_Quintana_Lab4.xcdatamodeld in Sources */ = {isa = PBXBuildFile; fileRef = D537119F2557255E009253F0 /* Armando_Quintana_Lab4.xcdatamodeld */; };
		D53711A325572564009253F0 /* Assets.xcassets in Resources */ = {isa = PBXBuildFile; fileRef = D53711A225572564009253F0 /* Assets.xcassets */; };
		D53711A625572564009253F0 /* LaunchScreen.storyboard in Resources */ = {isa = PBXBuildFile; fileRef = D53711A425572564009253F0 /* LaunchScreen.storyboard */; };
		D54FA4C825578C9F0072C417 /* Movie.swift in Sources */ = {isa = PBXBuildFile; fileRef = D54FA4C725578C9F0072C417 /* Movie.swift */; };
		D54FA4CA25578D1D0072C417 /* APIResult.swift in Sources */ = {isa = PBXBuildFile; fileRef = D54FA4C925578D1D0072C417 /* APIResult.swift */; };
		D54FA4CC25578ECD0072C417 /* MovieCollectionViewCell.swift in Sources */ = {isa = PBXBuildFile; fileRef = D54FA4CB25578ECD0072C417 /* MovieCollectionViewCell.swift */; };
		D54FA4CE2557B1AB0072C417 /* MovieViewController.swift in Sources */ = {isa = PBXBuildFile; fileRef = D54FA4CD2557B1AB0072C417 /* MovieViewController.swift */; };
		D54FA4D02557E2AC0072C417 /* FavoritesViewController.swift in Sources */ = {isa = PBXBuildFile; fileRef = D54FA4CF2557E2AC0072C417 /* FavoritesViewController.swift */; };
		D54FA4D22557E3CD0072C417 /* FavoritesTableViewCell.swift in Sources */ = {isa = PBXBuildFile; fileRef = D54FA4D12557E3CC0072C417 /* FavoritesTableViewCell.swift */; };
		D54FA4D825586FBA0072C417 /* Favorites+CoreDataClass.swift in Sources */ = {isa = PBXBuildFile; fileRef = D54FA4D625586FBA0072C417 /* Favorites+CoreDataClass.swift */; };
		D54FA4DB2558A3A70072C417 /* MovieDetailsViewController.swift in Sources */ = {isa = PBXBuildFile; fileRef = D54FA4DA2558A3A70072C417 /* MovieDetailsViewController.swift */; };
		D5A2EC272559F27900F62818 /* Favorites+CoreDataProperties.swift in Sources */ = {isa = PBXBuildFile; fileRef = D5A2EC262559F27900F62818 /* Favorites+CoreDataProperties.swift */; };
/* End PBXBuildFile section */

/* Begin PBXFileReference section */
		D53711932557255E009253F0 /* Armando.Quintana-Lab4.app */ = {isa = PBXFileReference; explicitFileType = wrapper.application; includeInIndex = 0; path = "Armando.Quintana-Lab4.app"; sourceTree = BUILT_PRODUCTS_DIR; };
		D53711962557255E009253F0 /* AppDelegate.swift */ = {isa = PBXFileReference; lastKnownFileType = sourcecode.swift; path = AppDelegate.swift; sourceTree = "<group>"; };
		D53711982557255E009253F0 /* SceneDelegate.swift */ = {isa = PBXFileReference; lastKnownFileType = sourcecode.swift; path = SceneDelegate.swift; sourceTree = "<group>"; };
		D537119A2557255E009253F0 /* ViewController.swift */ = {isa = PBXFileReference; lastKnownFileType = sourcecode.swift; path = ViewController.swift; sourceTree = "<group>"; };
		D537119D2557255E009253F0 /* Base */ = {isa = PBXFileReference; lastKnownFileType = file.storyboard; name = Base; path = Base.lproj/Main.storyboard; sourceTree = "<group>"; };
		D53711A02557255E009253F0 /* Armando_Quintana_Lab4.xcdatamodel */ = {isa = PBXFileReference; lastKnownFileType = wrapper.xcdatamodel; path = Armando_Quintana_Lab4.xcdatamodel; sourceTree = "<group>"; };
		D53711A225572564009253F0 /* Assets.xcassets */ = {isa = PBXFileReference; lastKnownFileType = folder.assetcatalog; path = Assets.xcassets; sourceTree = "<group>"; };
		D53711A525572564009253F0 /* Base */ = {isa = PBXFileReference; lastKnownFileType = file.storyboard; name = Base; path = Base.lproj/LaunchScreen.storyboard; sourceTree = "<group>"; };
		D53711A725572564009253F0 /* Info.plist */ = {isa = PBXFileReference; lastKnownFileType = text.plist.xml; path = Info.plist; sourceTree = "<group>"; };
		D54FA4C725578C9F0072C417 /* Movie.swift */ = {isa = PBXFileReference; lastKnownFileType = sourcecode.swift; path = Movie.swift; sourceTree = "<group>"; };
		D54FA4C925578D1D0072C417 /* APIResult.swift */ = {isa = PBXFileReference; lastKnownFileType = sourcecode.swift; path = APIResult.swift; sourceTree = "<group>"; };
		D54FA4CB25578ECD0072C417 /* MovieCollectionViewCell.swift */ = {isa = PBXFileReference; lastKnownFileType = sourcecode.swift; path = MovieCollectionViewCell.swift; sourceTree = "<group>"; };
		D54FA4CD2557B1AB0072C417 /* MovieViewController.swift */ = {isa = PBXFileReference; lastKnownFileType = sourcecode.swift; path = MovieViewController.swift; sourceTree = "<group>"; };
		D54FA4CF2557E2AC0072C417 /* FavoritesViewController.swift */ = {isa = PBXFileReference; lastKnownFileType = sourcecode.swift; path = FavoritesViewController.swift; sourceTree = "<group>"; };
		D54FA4D12557E3CC0072C417 /* FavoritesTableViewCell.swift */ = {isa = PBXFileReference; lastKnownFileType = sourcecode.swift; path = FavoritesTableViewCell.swift; sourceTree = "<group>"; };
		D54FA4D625586FBA0072C417 /* Favorites+CoreDataClass.swift */ = {isa = PBXFileReference; lastKnownFileType = sourcecode.swift; path = "Favorites+CoreDataClass.swift"; sourceTree = "<group>"; };
		D54FA4DA2558A3A70072C417 /* MovieDetailsViewController.swift */ = {isa = PBXFileReference; lastKnownFileType = sourcecode.swift; path = MovieDetailsViewController.swift; sourceTree = "<group>"; };
		D5A2EC262559F27900F62818 /* Favorites+CoreDataProperties.swift */ = {isa = PBXFileReference; lastKnownFileType = sourcecode.swift; path = "Favorites+CoreDataProperties.swift"; sourceTree = "<group>"; };
/* End PBXFileReference section */

/* Begin PBXFrameworksBuildPhase section */
		D53711902557255E009253F0 /* Frameworks */ = {
			isa = PBXFrameworksBuildPhase;
			buildActionMask = 2147483647;
			files = (
			);
			runOnlyForDeploymentPostprocessing = 0;
		};
/* End PBXFrameworksBuildPhase section */

/* Begin PBXGroup section */
		D537118A2557255E009253F0 = {
			isa = PBXGroup;
			children = (
				D53711952557255E009253F0 /* Armando.Quintana-Lab4 */,
				D53711942557255E009253F0 /* Products */,
			);
			sourceTree = "<group>";
		};
		D53711942557255E009253F0 /* Products */ = {
			isa = PBXGroup;
			children = (
				D53711932557255E009253F0 /* Armando.Quintana-Lab4.app */,
			);
			name = Products;
			sourceTree = "<group>";
		};
		D53711952557255E009253F0 /* Armando.Quintana-Lab4 */ = {
			isa = PBXGroup;
			children = (
				D54FA4D32557E48A0072C417 /* Model */,
				D54FA4D42557E4B20072C417 /* View Controllers */,
				D54FA4D52557E4D00072C417 /* Cells */,
				D53711962557255E009253F0 /* AppDelegate.swift */,
				D53711982557255E009253F0 /* SceneDelegate.swift */,
				D537119C2557255E009253F0 /* Main.storyboard */,
				D53711A225572564009253F0 /* Assets.xcassets */,
				D53711A425572564009253F0 /* LaunchScreen.storyboard */,
				D53711A725572564009253F0 /* Info.plist */,
				D537119F2557255E009253F0 /* Armando_Quintana_Lab4.xcdatamodeld */,
			);
			path = "Armando.Quintana-Lab4";
			sourceTree = "<group>";
		};
		D54FA4D32557E48A0072C417 /* Model */ = {
			isa = PBXGroup;
			children = (
				D5A2EC262559F27900F62818 /* Favorites+CoreDataProperties.swift */,
				D54FA4D625586FBA0072C417 /* Favorites+CoreDataClass.swift */,
				D54FA4C725578C9F0072C417 /* Movie.swift */,
				D54FA4C925578D1D0072C417 /* APIResult.swift */,
			);
			path = Model;
			sourceTree = "<group>";
		};
		D54FA4D42557E4B20072C417 /* View Controllers */ = {
			isa = PBXGroup;
			children = (
				D537119A2557255E009253F0 /* ViewController.swift */,
				D54FA4CD2557B1AB0072C417 /* MovieViewController.swift */,
				D54FA4DA2558A3A70072C417 /* MovieDetailsViewController.swift */,
				D54FA4CF2557E2AC0072C417 /* FavoritesViewController.swift */,
			);
			path = "View Controllers";
			sourceTree = "<group>";
		};
		D54FA4D52557E4D00072C417 /* Cells */ = {
			isa = PBXGroup;
			children = (
				D54FA4CB25578ECD0072C417 /* MovieCollectionViewCell.swift */,
				D54FA4D12557E3CC0072C417 /* FavoritesTableViewCell.swift */,
			);
			path = Cells;
			sourceTree = "<group>";
		};
/* End PBXGroup section */

/* Begin PBXNativeTarget section */
		D53711922557255E009253F0 /* Armando.Quintana-Lab4 */ = {
			isa = PBXNativeTarget;
			buildConfigurationList = D53711AA25572564009253F0 /* Build configuration list for PBXNativeTarget "Armando.Quintana-Lab4" */;
			buildPhases = (
				D537118F2557255E009253F0 /* Sources */,
				D53711902557255E009253F0 /* Frameworks */,
				D53711912557255E009253F0 /* Resources */,
			);
			buildRules = (
			);
			dependencies = (
			);
			name = "Armando.Quintana-Lab4";
			productName = "Armando.Quintana-Lab4";
			productReference = D53711932557255E009253F0 /* Armando.Quintana-Lab4.app */;
			productType = "com.apple.product-type.application";
		};
/* End PBXNativeTarget section */

/* Begin PBXProject section */
		D537118B2557255E009253F0 /* Project object */ = {
			isa = PBXProject;
			attributes = {
				LastSwiftUpdateCheck = 1150;
				LastUpgradeCheck = 1150;
				ORGANIZATIONNAME = "Armando Quintana";
				TargetAttributes = {
					D53711922557255E009253F0 = {
						CreatedOnToolsVersion = 11.5;
					};
				};
			};
			buildConfigurationList = D537118E2557255E009253F0 /* Build configuration list for PBXProject "Armando.Quintana-Lab4" */;
			compatibilityVersion = "Xcode 9.3";
			developmentRegion = en;
			hasScannedForEncodings = 0;
			knownRegions = (
				en,
				Base,
			);
			mainGroup = D537118A2557255E009253F0;
			productRefGroup = D53711942557255E009253F0 /* Products */;
			projectDirPath = "";
			projectRoot = "";
			targets = (
				D53711922557255E009253F0 /* Armando.Quintana-Lab4 */,
			);
		};
/* End PBXProject section */

/* Begin PBXResourcesBuildPhase section */
		D53711912557255E009253F0 /* Resources */ = {
			isa = PBXResourcesBuildPhase;
			buildActionMask = 2147483647;
			files = (
				D53711A625572564009253F0 /* LaunchScreen.storyboard in Resources */,
				D53711A325572564009253F0 /* Assets.xcassets in Resources */,
				D537119E2557255E009253F0 /* Main.storyboard in Resources */,
			);
			runOnlyForDeploymentPostprocessing = 0;
		};
/* End PBXResourcesBuildPhase section */

/* Begin PBXSourcesBuildPhase section */
		D537118F2557255E009253F0 /* Sources */ = {
			isa = PBXSourcesBuildPhase;
			buildActionMask = 2147483647;
			files = (
				D537119B2557255E009253F0 /* ViewController.swift in Sources */,
				D54FA4D02557E2AC0072C417 /* FavoritesViewController.swift in Sources */,
				D5A2EC272559F27900F62818 /* Favorites+CoreDataProperties.swift in Sources */,
				D54FA4DB2558A3A70072C417 /* MovieDetailsViewController.swift in Sources */,
				D53711972557255E009253F0 /* AppDelegate.swift in Sources */,
				D53711A12557255E009253F0 /* Armando_Quintana_Lab4.xcdatamodeld in Sources */,
				D54FA4CE2557B1AB0072C417 /* MovieViewController.swift in Sources */,
				D54FA4D22557E3CD0072C417 /* FavoritesTableViewCell.swift in Sources */,
				D54FA4CA25578D1D0072C417 /* APIResult.swift in Sources */,
				D54FA4CC25578ECD0072C417 /* MovieCollectionViewCell.swift in Sources */,
				D54FA4D825586FBA0072C417 /* Favorites+CoreDataClass.swift in Sources */,
				D53711992557255E009253F0 /* SceneDelegate.swift in Sources */,
				D54FA4C825578C9F0072C417 /* Movie.swift in Sources */,
			);
			runOnlyForDeploymentPostprocessing = 0;
		};
/* End PBXSourcesBuildPhase section */

/* Begin PBXVariantGroup section */
		D537119C2557255E009253F0 /* Main.storyboard */ = {
			isa = PBXVariantGroup;
			children = (
				D537119D2557255E009253F0 /* Base */,
			);
			name = Main.storyboard;
			sourceTree = "<group>";
		};
		D53711A425572564009253F0 /* LaunchScreen.storyboard */ = {
			isa = PBXVariantGroup;
			children = (
				D53711A525572564009253F0 /* Base */,
			);
			name = LaunchScreen.storyboard;
			sourceTree = "<group>";
		};
/* End PBXVariantGroup section */

/* Begin XCBuildConfiguration section */
		D53711A825572564009253F0 /* Debug */ = {
			isa = XCBuildConfiguration;
			buildSettings = {
				ALWAYS_SEARCH_USER_PATHS = NO;
				CLANG_ANALYZER_NONNULL = YES;
				CLANG_ANALYZER_NUMBER_OBJECT_CONVERSION = YES_AGGRESSIVE;
				CLANG_CXX_LANGUAGE_STANDARD = "gnu++14";
				CLANG_CXX_LIBRARY = "libc++";
				CLANG_ENABLE_MODULES = YES;
				CLANG_ENABLE_OBJC_ARC = YES;
				CLANG_ENABLE_OBJC_WEAK = YES;
				CLANG_WARN_BLOCK_CAPTURE_AUTORELEASING = YES;
				CLANG_WARN_BOOL_CONVERSION = YES;
				CLANG_WARN_COMMA = YES;
				CLANG_WARN_CONSTANT_CONVERSION = YES;
				CLANG_WARN_DEPRECATED_OBJC_IMPLEMENTATIONS = YES;
				CLANG_WARN_DIRECT_OBJC_ISA_USAGE = YES_ERROR;
				CLANG_WARN_DOCUMENTATION_COMMENTS = YES;
				CLANG_WARN_EMPTY_BODY = YES;
				CLANG_WARN_ENUM_CONVERSION = YES;
				CLANG_WARN_INFINITE_RECURSION = YES;
				CLANG_WARN_INT_CONVERSION = YES;
				CLANG_WARN_NON_LITERAL_NULL_CONVERSION = YES;
				CLANG_WARN_OBJC_IMPLICIT_RETAIN_SELF = YES;
				CLANG_WARN_OBJC_LITERAL_CONVERSION = YES;
				CLANG_WARN_OBJC_ROOT_CLASS = YES_ERROR;
				CLANG_WARN_RANGE_LOOP_ANALYSIS = YES;
				CLANG_WARN_STRICT_PROTOTYPES = YES;
				CLANG_WARN_SUSPICIOUS_MOVE = YES;
				CLANG_WARN_UNGUARDED_AVAILABILITY = YES_AGGRESSIVE;
				CLANG_WARN_UNREACHABLE_CODE = YES;
				CLANG_WARN__DUPLICATE_METHOD_MATCH = YES;
				COPY_PHASE_STRIP = NO;
				DEBUG_INFORMATION_FORMAT = dwarf;
				ENABLE_STRICT_OBJC_MSGSEND = YES;
				ENABLE_TESTABILITY = YES;
				GCC_C_LANGUAGE_STANDARD = gnu11;
				GCC_DYNAMIC_NO_PIC = NO;
				GCC_NO_COMMON_BLOCKS = YES;
				GCC_OPTIMIZATION_LEVEL = 0;
				GCC_PREPROCESSOR_DEFINITIONS = (
					"DEBUG=1",
					"$(inherited)",
				);
				GCC_WARN_64_TO_32_BIT_CONVERSION = YES;
				GCC_WARN_ABOUT_RETURN_TYPE = YES_ERROR;
				GCC_WARN_UNDECLARED_SELECTOR = YES;
				GCC_WARN_UNINITIALIZED_AUTOS = YES_AGGRESSIVE;
				GCC_WARN_UNUSED_FUNCTION = YES;
				GCC_WARN_UNUSED_VARIABLE = YES;
				IPHONEOS_DEPLOYMENT_TARGET = 13.5;
				MTL_ENABLE_DEBUG_INFO = INCLUDE_SOURCE;
				MTL_FAST_MATH = YES;
				ONLY_ACTIVE_ARCH = YES;
				SDKROOT = iphoneos;
				SWIFT_ACTIVE_COMPILATION_CONDITIONS = DEBUG;
				SWIFT_OPTIMIZATION_LEVEL = "-Onone";
			};
			name = Debug;
		};
		D53711A925572564009253F0 /* Release */ = {
			isa = XCBuildConfiguration;
			buildSettings = {
				ALWAYS_SEARCH_USER_PATHS = NO;
				CLANG_ANALYZER_NONNULL = YES;
				CLANG_ANALYZER_NUMBER_OBJECT_CONVERSION = YES_AGGRESSIVE;
				CLANG_CXX_LANGUAGE_STANDARD = "gnu++14";
				CLANG_CXX_LIBRARY = "libc++";
				CLANG_ENABLE_MODULES = YES;
				CLANG_ENABLE_OBJC_ARC = YES;
				CLANG_ENABLE_OBJC_WEAK = YES;
				CLANG_WARN_BLOCK_CAPTURE_AUTORELEASING = YES;
				CLANG_WARN_BOOL_CONVERSION = YES;
				CLANG_WARN_COMMA = YES;
				CLANG_WARN_CONSTANT_CONVERSION = YES;
				CLANG_WARN_DEPRECATED_OBJC_IMPLEMENTATIONS = YES;
				CLANG_WARN_DIRECT_OBJC_ISA_USAGE = YES_ERROR;
				CLANG_WARN_DOCUMENTATION_COMMENTS = YES;
				CLANG_WARN_EMPTY_BODY = YES;
				CLANG_WARN_ENUM_CONVERSION = YES;
				CLANG_WARN_INFINITE_RECURSION = YES;
				CLANG_WARN_INT_CONVERSION = YES;
				CLANG_WARN_NON_LITERAL_NULL_CONVERSION = YES;
				CLANG_WARN_OBJC_IMPLICIT_RETAIN_SELF = YES;
				CLANG_WARN_OBJC_LITERAL_CONVERSION = YES;
				CLANG_WARN_OBJC_ROOT_CLASS = YES_ERROR;
				CLANG_WARN_RANGE_LOOP_ANALYSIS = YES;
				CLANG_WARN_STRICT_PROTOTYPES = YES;
				CLANG_WARN_SUSPICIOUS_MOVE = YES;
				CLANG_WARN_UNGUARDED_AVAILABILITY = YES_AGGRESSIVE;
				CLANG_WARN_UNREACHABLE_CODE = YES;
				CLANG_WARN__DUPLICATE_METHOD_MATCH = YES;
				COPY_PHASE_STRIP = NO;
				DEBUG_INFORMATION_FORMAT = "dwarf-with-dsym";
				ENABLE_NS_ASSERTIONS = NO;
				ENABLE_STRICT_OBJC_MSGSEND = YES;
				GCC_C_LANGUAGE_STANDARD = gnu11;
				GCC_NO_COMMON_BLOCKS = YES;
				GCC_WARN_64_TO_32_BIT_CONVERSION = YES;
				GCC_WARN_ABOUT_RETURN_TYPE = YES_ERROR;
				GCC_WARN_UNDECLARED_SELECTOR = YES;
				GCC_WARN_UNINITIALIZED_AUTOS = YES_AGGRESSIVE;
				GCC_WARN_UNUSED_FUNCTION = YES;
				GCC_WARN_UNUSED_VARIABLE = YES;
				IPHONEOS_DEPLOYMENT_TARGET = 13.5;
				MTL_ENABLE_DEBUG_INFO = NO;
				MTL_FAST_MATH = YES;
				SDKROOT = iphoneos;
				SWIFT_COMPILATION_MODE = wholemodule;
				SWIFT_OPTIMIZATION_LEVEL = "-O";
				VALIDATE_PRODUCT = YES;
			};
			name = Release;
		};
		D53711AB25572564009253F0 /* Debug */ = {
			isa = XCBuildConfiguration;
			buildSettings = {
				ASSETCATALOG_COMPILER_APPICON_NAME = AppIcon;
				CODE_SIGN_STYLE = Automatic;
				DEVELOPMENT_TEAM = 777TK7LN7T;
				INFOPLIST_FILE = "Armando.Quintana-Lab4/Info.plist";
				LD_RUNPATH_SEARCH_PATHS = (
					"$(inherited)",
					"@executable_path/Frameworks",
				);
				PRODUCT_BUNDLE_IDENTIFIER = "MandoQ.Armando-Quintana-Lab4";
				PRODUCT_NAME = "$(TARGET_NAME)";
				SWIFT_VERSION = 5.0;
				TARGETED_DEVICE_FAMILY = "1,2";
			};
			name = Debug;
		};
		D53711AC25572564009253F0 /* Release */ = {
			isa = XCBuildConfiguration;
			buildSettings = {
				ASSETCATALOG_COMPILER_APPICON_NAME = AppIcon;
				CODE_SIGN_STYLE = Automatic;
				DEVELOPMENT_TEAM = 777TK7LN7T;
				INFOPLIST_FILE = "Armando.Quintana-Lab4/Info.plist";
				LD_RUNPATH_SEARCH_PATHS = (
					"$(inherited)",
					"@executable_path/Frameworks",
				);
				PRODUCT_BUNDLE_IDENTIFIER = "MandoQ.Armando-Quintana-Lab4";
				PRODUCT_NAME = "$(TARGET_NAME)";
				SWIFT_VERSION = 5.0;
				TARGETED_DEVICE_FAMILY = "1,2";
			};
			name = Release;
		};
/* End XCBuildConfiguration section */

/* Begin XCConfigurationList section */
		D537118E2557255E009253F0 /* Build configuration list for PBXProject "Armando.Quintana-Lab4" */ = {
			isa = XCConfigurationList;
			buildConfigurations = (
				D53711A825572564009253F0 /* Debug */,
				D53711A925572564009253F0 /* Release */,
			);
			defaultConfigurationIsVisible = 0;
			defaultConfigurationName = Release;
		};
		D53711AA25572564009253F0 /* Build configuration list for PBXNativeTarget "Armando.Quintana-Lab4" */ = {
			isa = XCConfigurationList;
			buildConfigurations = (
				D53711AB25572564009253F0 /* Debug */,
				D53711AC25572564009253F0 /* Release */,
			);
			defaultConfigurationIsVisible = 0;
			defaultConfigurationName = Release;
		};
/* End XCConfigurationList section */

/* Begin XCVersionGroup section */
		D537119F2557255E009253F0 /* Armando_Quintana_Lab4.xcdatamodeld */ = {
			isa = XCVersionGroup;
			children = (
				D53711A02557255E009253F0 /* Armando_Quintana_Lab4.xcdatamodel */,
			);
			currentVersion = D53711A02557255E009253F0 /* Armando_Quintana_Lab4.xcdatamodel */;
			path = Armando_Quintana_Lab4.xcdatamodeld;
			sourceTree = "<group>";
			versionGroupType = wrapper.xcdatamodel;
		};
/* End XCVersionGroup section */
	};
	rootObject = D537118B2557255E009253F0 /* Project object */;
}
